
Microsoft Visual Studio Solution File, Format Version 12.00
Project("{2150E333-8FDC-42A3-9474-1A3956D46DE8}") = "Benchmarks", "Benchmarks", "{B529B2FD-DBC2-4C96-8BFC-E17EFA1299B5}"
EndProject
Project("{FAE04EC0-301F-11D3-BF4B-00C04F79EFBC}") = "Benchmarks.DuplicateTaskCatcherMulti", "Benchmarks\Benchmarks.DuplicateTaskCatcherMulti\Benchmarks.DuplicateTaskCatcherMulti.csproj", "{F80A38D2-3656-4ECB-B4A4-FC8CBDC786B4}"
EndProject
Project("{FAE04EC0-301F-11D3-BF4B-00C04F79EFBC}") = "CacheMeIfYouCan", "CacheMeIfYouCan\CacheMeIfYouCan.csproj", "{B652806F-9349-4B41-B0CA-73C8EE62D8F6}"
EndProject
Project("{FAE04EC0-301F-11D3-BF4B-00C04F79EFBC}") = "CacheMeIfYouCan.Cron", "CacheMeIfYouCan.Cron\CacheMeIfYouCan.Cron.csproj", "{434341D7-EA6E-4ED4-B4EC-A5A4F352950F}"
EndProject
Project("{FAE04EC0-301F-11D3-BF4B-00C04F79EFBC}") = "CacheMeIfYouCan.Cron.Tests", "CacheMeIfYouCan.Cron.Tests\CacheMeIfYouCan.Cron.Tests.csproj", "{99A2C6FC-729D-44D0-B2D0-1B0B4A21272A}"
EndProject
Project("{FAE04EC0-301F-11D3-BF4B-00C04F79EFBC}") = "CacheMeIfYouCan.Polly", "CacheMeIfYouCan.Polly\CacheMeIfYouCan.Polly.csproj", "{579293DF-E26B-43A0-9A81-32E265A04575}"
EndProject
Project("{FAE04EC0-301F-11D3-BF4B-00C04F79EFBC}") = "CacheMeIfYouCan.Polly.Tests", "CacheMeIfYouCan.Polly.Tests\CacheMeIfYouCan.Polly.Tests.csproj", "{BCCCF063-41FB-4C2C-9C91-B60341DCBCBA}"
EndProject
Project("{FAE04EC0-301F-11D3-BF4B-00C04F79EFBC}") = "CacheMeIfYouCan.Prometheus", "CacheMeIfYouCan.Prometheus\CacheMeIfYouCan.Prometheus.csproj", "{EAF605CE-ED91-4DB8-9EFE-A6C41FE7C744}"
EndProject
Project("{FAE04EC0-301F-11D3-BF4B-00C04F79EFBC}") = "CacheMeIfYouCan.Redis", "CacheMeIfYouCan.Redis\CacheMeIfYouCan.Redis.csproj", "{E9CBDD4F-2703-45EE-A59F-6B093F972BB1}"
EndProject
Project("{FAE04EC0-301F-11D3-BF4B-00C04F79EFBC}") = "CacheMeIfYouCan.Redis.Tests", "CacheMeIfYouCan.Redis.Tests\CacheMeIfYouCan.Redis.Tests.csproj", "{38C22B3F-3716-4C23-86C8-663B3CAAEFD1}"
EndProject
Project("{FAE04EC0-301F-11D3-BF4B-00C04F79EFBC}") = "CacheMeIfYouCan.Tests", "CacheMeIfYouCan.Tests\CacheMeIfYouCan.Tests.csproj", "{A769CDA7-E93C-486C-BF5B-3868A2225924}"
EndProject
Project("{2150E333-8FDC-42A3-9474-1A3956D46DE8}") = "Samples", "Samples", "{CA985CDB-EA8F-4D1D-940B-D5FA8BDE1FA4}"
EndProject
Project("{FAE04EC0-301F-11D3-BF4B-00C04F79EFBC}") = "Samples.AspNetCoreApp", "Samples\Samples.AspNetCoreApp\Samples.AspNetCoreApp.csproj", "{6DCB625A-E9C8-4AD8-B7D9-3A408620617D}"
EndProject
Project("{FAE04EC0-301F-11D3-BF4B-00C04F79EFBC}") = "CacheMeIfYouCan.Tests.Common", "CacheMeIfYouCan.Tests.Common\CacheMeIfYouCan.Tests.Common.csproj", "{ADDC53D3-285C-4877-9D41-20B01DC88C29}"
EndProject
Project("{FAE04EC0-301F-11D3-BF4B-00C04F79EFBC}") = "Benchmarks.CacheComparison", "Benchmarks\Benchmarks.CacheComparison\Benchmarks.CacheComparison.csproj", "{ACA814BC-0749-4656-9CBC-795E449AECC0}"
EndProject
Project("{2150E333-8FDC-42A3-9474-1A3956D46DE8}") = "Serializers", "Serializers", "{E960C4E1-8333-430E-A221-CB7892057324}"
EndProject
Project("{FAE04EC0-301F-11D3-BF4B-00C04F79EFBC}") = "CacheMeIfYouCan.Serializers.ToString", "Serializers\CacheMeIfYouCan.Serializers.ToString\CacheMeIfYouCan.Serializers.ToString.csproj", "{40BE8094-18C6-4EB8-A299-6BF0C51385EF}"
EndProject
Project("{FAE04EC0-301F-11D3-BF4B-00C04F79EFBC}") = "CacheMeIfYouCan.Serializers.Protobuf", "Serializers\CacheMeIfYouCan.Serializers.Protobuf\CacheMeIfYouCan.Serializers.Protobuf.csproj", "{F4ED1BB9-6706-4F7F-8621-088183D07436}"
EndProject
Project("{FAE04EC0-301F-11D3-BF4B-00C04F79EFBC}") = "CacheMeIfYouCan.Serializers.Json.Newtonsoft", "Serializers\CacheMeIfYouCan.Serializers.Json.Newtonsoft\CacheMeIfYouCan.Serializers.Json.Newtonsoft.csproj", "{BA4CA948-B02A-4E91-BF95-00D05B6FB8D5}"
EndProject
Project("{FAE04EC0-301F-11D3-BF4B-00C04F79EFBC}") = "CacheMeIfYouCan.Serializers.Tests", "Serializers\CacheMeIfYouCan.Serializers.Tests\CacheMeIfYouCan.Serializers.Tests.csproj", "{7A596CE3-E584-4584-B6DB-405E0837C01F}"
EndProject
Project("{FAE04EC0-301F-11D3-BF4B-00C04F79EFBC}") = "CacheMeIfYouCan.ApplicationInsights", "CacheMeIfYouCan.ApplicationInsights\CacheMeIfYouCan.ApplicationInsights.csproj", "{EE434E6C-C71A-45C5-AC9C-E99EFCA54D39}"
EndProject
Project("{FAE04EC0-301F-11D3-BF4B-00C04F79EFBC}") = "CacheMeIfYouCan.Serializers.Json.Utf8", "Serializers\CacheMeIfYouCan.Serializers.Json.Utf8\CacheMeIfYouCan.Serializers.Json.Utf8.csproj", "{411E1AA1-3BAB-4EB8-A9C7-2F1C5B8C978C}"
EndProject
Global
	GlobalSection(SolutionConfigurationPlatforms) = preSolution
		Debug|Any CPU = Debug|Any CPU
		Release|Any CPU = Release|Any CPU
	EndGlobalSection
	GlobalSection(ProjectConfigurationPlatforms) = postSolution
		{F80A38D2-3656-4ECB-B4A4-FC8CBDC786B4}.Debug|Any CPU.ActiveCfg = Debug|Any CPU
		{F80A38D2-3656-4ECB-B4A4-FC8CBDC786B4}.Debug|Any CPU.Build.0 = Debug|Any CPU
		{F80A38D2-3656-4ECB-B4A4-FC8CBDC786B4}.Release|Any CPU.ActiveCfg = Release|Any CPU
		{F80A38D2-3656-4ECB-B4A4-FC8CBDC786B4}.Release|Any CPU.Build.0 = Release|Any CPU
		{B652806F-9349-4B41-B0CA-73C8EE62D8F6}.Debug|Any CPU.ActiveCfg = Debug|Any CPU
		{B652806F-9349-4B41-B0CA-73C8EE62D8F6}.Debug|Any CPU.Build.0 = Debug|Any CPU
		{B652806F-9349-4B41-B0CA-73C8EE62D8F6}.Release|Any CPU.ActiveCfg = Release|Any CPU
		{B652806F-9349-4B41-B0CA-73C8EE62D8F6}.Release|Any CPU.Build.0 = Release|Any CPU
		{E9CBDD4F-2703-45EE-A59F-6B093F972BB1}.Debug|Any CPU.ActiveCfg = Debug|Any CPU
		{E9CBDD4F-2703-45EE-A59F-6B093F972BB1}.Debug|Any CPU.Build.0 = Debug|Any CPU
		{E9CBDD4F-2703-45EE-A59F-6B093F972BB1}.Release|Any CPU.ActiveCfg = Release|Any CPU
		{E9CBDD4F-2703-45EE-A59F-6B093F972BB1}.Release|Any CPU.Build.0 = Release|Any CPU
		{A769CDA7-E93C-486C-BF5B-3868A2225924}.Debug|Any CPU.ActiveCfg = Debug|Any CPU
		{A769CDA7-E93C-486C-BF5B-3868A2225924}.Debug|Any CPU.Build.0 = Debug|Any CPU
		{A769CDA7-E93C-486C-BF5B-3868A2225924}.Release|Any CPU.ActiveCfg = Release|Any CPU
		{A769CDA7-E93C-486C-BF5B-3868A2225924}.Release|Any CPU.Build.0 = Release|Any CPU
		{EAF605CE-ED91-4DB8-9EFE-A6C41FE7C744}.Debug|Any CPU.ActiveCfg = Debug|Any CPU
		{EAF605CE-ED91-4DB8-9EFE-A6C41FE7C744}.Debug|Any CPU.Build.0 = Debug|Any CPU
		{EAF605CE-ED91-4DB8-9EFE-A6C41FE7C744}.Release|Any CPU.ActiveCfg = Release|Any CPU
		{EAF605CE-ED91-4DB8-9EFE-A6C41FE7C744}.Release|Any CPU.Build.0 = Release|Any CPU
		{38C22B3F-3716-4C23-86C8-663B3CAAEFD1}.Debug|Any CPU.ActiveCfg = Debug|Any CPU
		{38C22B3F-3716-4C23-86C8-663B3CAAEFD1}.Debug|Any CPU.Build.0 = Debug|Any CPU
		{38C22B3F-3716-4C23-86C8-663B3CAAEFD1}.Release|Any CPU.ActiveCfg = Release|Any CPU
		{38C22B3F-3716-4C23-86C8-663B3CAAEFD1}.Release|Any CPU.Build.0 = Release|Any CPU
		{579293DF-E26B-43A0-9A81-32E265A04575}.Debug|Any CPU.ActiveCfg = Debug|Any CPU
		{579293DF-E26B-43A0-9A81-32E265A04575}.Debug|Any CPU.Build.0 = Debug|Any CPU
		{579293DF-E26B-43A0-9A81-32E265A04575}.Release|Any CPU.ActiveCfg = Release|Any CPU
		{579293DF-E26B-43A0-9A81-32E265A04575}.Release|Any CPU.Build.0 = Release|Any CPU
		{BCCCF063-41FB-4C2C-9C91-B60341DCBCBA}.Debug|Any CPU.ActiveCfg = Debug|Any CPU
		{BCCCF063-41FB-4C2C-9C91-B60341DCBCBA}.Debug|Any CPU.Build.0 = Debug|Any CPU
		{BCCCF063-41FB-4C2C-9C91-B60341DCBCBA}.Release|Any CPU.ActiveCfg = Release|Any CPU
		{BCCCF063-41FB-4C2C-9C91-B60341DCBCBA}.Release|Any CPU.Build.0 = Release|Any CPU
		{434341D7-EA6E-4ED4-B4EC-A5A4F352950F}.Debug|Any CPU.ActiveCfg = Debug|Any CPU
		{434341D7-EA6E-4ED4-B4EC-A5A4F352950F}.Debug|Any CPU.Build.0 = Debug|Any CPU
		{434341D7-EA6E-4ED4-B4EC-A5A4F352950F}.Release|Any CPU.ActiveCfg = Release|Any CPU
		{434341D7-EA6E-4ED4-B4EC-A5A4F352950F}.Release|Any CPU.Build.0 = Release|Any CPU
		{99A2C6FC-729D-44D0-B2D0-1B0B4A21272A}.Debug|Any CPU.ActiveCfg = Debug|Any CPU
		{99A2C6FC-729D-44D0-B2D0-1B0B4A21272A}.Debug|Any CPU.Build.0 = Debug|Any CPU
		{99A2C6FC-729D-44D0-B2D0-1B0B4A21272A}.Release|Any CPU.ActiveCfg = Release|Any CPU
		{99A2C6FC-729D-44D0-B2D0-1B0B4A21272A}.Release|Any CPU.Build.0 = Release|Any CPU
		{6DCB625A-E9C8-4AD8-B7D9-3A408620617D}.Debug|Any CPU.ActiveCfg = Debug|Any CPU
		{6DCB625A-E9C8-4AD8-B7D9-3A408620617D}.Debug|Any CPU.Build.0 = Debug|Any CPU
		{6DCB625A-E9C8-4AD8-B7D9-3A408620617D}.Release|Any CPU.ActiveCfg = Release|Any CPU
		{6DCB625A-E9C8-4AD8-B7D9-3A408620617D}.Release|Any CPU.Build.0 = Release|Any CPU
		{ADDC53D3-285C-4877-9D41-20B01DC88C29}.Debug|Any CPU.ActiveCfg = Debug|Any CPU
		{ADDC53D3-285C-4877-9D41-20B01DC88C29}.Debug|Any CPU.Build.0 = Debug|Any CPU
		{ADDC53D3-285C-4877-9D41-20B01DC88C29}.Release|Any CPU.ActiveCfg = Release|Any CPU
		{ADDC53D3-285C-4877-9D41-20B01DC88C29}.Release|Any CPU.Build.0 = Release|Any CPU
		{ACA814BC-0749-4656-9CBC-795E449AECC0}.Debug|Any CPU.ActiveCfg = Debug|Any CPU
		{ACA814BC-0749-4656-9CBC-795E449AECC0}.Debug|Any CPU.Build.0 = Debug|Any CPU
		{ACA814BC-0749-4656-9CBC-795E449AECC0}.Release|Any CPU.ActiveCfg = Release|Any CPU
		{ACA814BC-0749-4656-9CBC-795E449AECC0}.Release|Any CPU.Build.0 = Release|Any CPU
		{40BE8094-18C6-4EB8-A299-6BF0C51385EF}.Debug|Any CPU.ActiveCfg = Debug|Any CPU
		{40BE8094-18C6-4EB8-A299-6BF0C51385EF}.Debug|Any CPU.Build.0 = Debug|Any CPU
		{40BE8094-18C6-4EB8-A299-6BF0C51385EF}.Release|Any CPU.ActiveCfg = Release|Any CPU
		{40BE8094-18C6-4EB8-A299-6BF0C51385EF}.Release|Any CPU.Build.0 = Release|Any CPU
		{F4ED1BB9-6706-4F7F-8621-088183D07436}.Debug|Any CPU.ActiveCfg = Debug|Any CPU
		{F4ED1BB9-6706-4F7F-8621-088183D07436}.Debug|Any CPU.Build.0 = Debug|Any CPU
		{F4ED1BB9-6706-4F7F-8621-088183D07436}.Release|Any CPU.ActiveCfg = Release|Any CPU
		{F4ED1BB9-6706-4F7F-8621-088183D07436}.Release|Any CPU.Build.0 = Release|Any CPU
		{BA4CA948-B02A-4E91-BF95-00D05B6FB8D5}.Debug|Any CPU.ActiveCfg = Debug|Any CPU
		{BA4CA948-B02A-4E91-BF95-00D05B6FB8D5}.Debug|Any CPU.Build.0 = Debug|Any CPU
		{BA4CA948-B02A-4E91-BF95-00D05B6FB8D5}.Release|Any CPU.ActiveCfg = Release|Any CPU
		{BA4CA948-B02A-4E91-BF95-00D05B6FB8D5}.Release|Any CPU.Build.0 = Release|Any CPU
		{7A596CE3-E584-4584-B6DB-405E0837C01F}.Debug|Any CPU.ActiveCfg = Debug|Any CPU
		{7A596CE3-E584-4584-B6DB-405E0837C01F}.Debug|Any CPU.Build.0 = Debug|Any CPU
		{7A596CE3-E584-4584-B6DB-405E0837C01F}.Release|Any CPU.ActiveCfg = Release|Any CPU
		{7A596CE3-E584-4584-B6DB-405E0837C01F}.Release|Any CPU.Build.0 = Release|Any CPU
		{EE434E6C-C71A-45C5-AC9C-E99EFCA54D39}.Debug|Any CPU.ActiveCfg = Debug|Any CPU
		{EE434E6C-C71A-45C5-AC9C-E99EFCA54D39}.Debug|Any CPU.Build.0 = Debug|Any CPU
		{EE434E6C-C71A-45C5-AC9C-E99EFCA54D39}.Release|Any CPU.ActiveCfg = Release|Any CPU
		{EE434E6C-C71A-45C5-AC9C-E99EFCA54D39}.Release|Any CPU.Build.0 = Release|Any CPU
		{411E1AA1-3BAB-4EB8-A9C7-2F1C5B8C978C}.Debug|Any CPU.ActiveCfg = Debug|Any CPU
		{411E1AA1-3BAB-4EB8-A9C7-2F1C5B8C978C}.Debug|Any CPU.Build.0 = Debug|Any CPU
		{411E1AA1-3BAB-4EB8-A9C7-2F1C5B8C978C}.Release|Any CPU.ActiveCfg = Release|Any CPU
		{411E1AA1-3BAB-4EB8-A9C7-2F1C5B8C978C}.Release|Any CPU.Build.0 = Release|Any CPU
	EndGlobalSection
	GlobalSection(NestedProjects) = preSolution
		{F80A38D2-3656-4ECB-B4A4-FC8CBDC786B4} = {B529B2FD-DBC2-4C96-8BFC-E17EFA1299B5}
		{6DCB625A-E9C8-4AD8-B7D9-3A408620617D} = {CA985CDB-EA8F-4D1D-940B-D5FA8BDE1FA4}
		{ACA814BC-0749-4656-9CBC-795E449AECC0} = {B529B2FD-DBC2-4C96-8BFC-E17EFA1299B5}
		{40BE8094-18C6-4EB8-A299-6BF0C51385EF} = {E960C4E1-8333-430E-A221-CB7892057324}
		{F4ED1BB9-6706-4F7F-8621-088183D07436} = {E960C4E1-8333-430E-A221-CB7892057324}
		{BA4CA948-B02A-4E91-BF95-00D05B6FB8D5} = {E960C4E1-8333-430E-A221-CB7892057324}
		{7A596CE3-E584-4584-B6DB-405E0837C01F} = {E960C4E1-8333-430E-A221-CB7892057324}
		{411E1AA1-3BAB-4EB8-A9C7-2F1C5B8C978C} = {E960C4E1-8333-430E-A221-CB7892057324}
	EndGlobalSection
EndGlobal
