
Microsoft Visual Studio Solution File, Format Version 12.00
Project("{FAE04EC0-301F-11D3-BF4B-00C04F79EFBC}") = "CacheMeIfYouCan", "CacheMeIfYouCan\CacheMeIfYouCan.csproj", "{B652806F-9349-4B41-B0CA-73C8EE62D8F6}"
EndProject
Project("{FAE04EC0-301F-11D3-BF4B-00C04F79EFBC}") = "CacheMeIfYouCan.Cron", "CacheMeIfYouCan.Cron\CacheMeIfYouCan.Cron.csproj", "{434341D7-EA6E-4ED4-B4EC-A5A4F352950F}"
EndProject
Project("{FAE04EC0-301F-11D3-BF4B-00C04F79EFBC}") = "CacheMeIfYouCan.Cron.Tests", "CacheMeIfYouCan.Cron.Tests\CacheMeIfYouCan.Cron.Tests.csproj", "{99A2C6FC-729D-44D0-B2D0-1B0B4A21272A}"
EndProject
Project("{FAE04EC0-301F-11D3-BF4B-00C04F79EFBC}") = "CacheMeIfYouCan.PerformanceTests", "CacheMeIfYouCan.PerformanceTests\CacheMeIfYouCan.PerformanceTests.csproj", "{E87FF2C9-6191-42D2-844B-441FAFBD6F15}"
EndProject
Project("{FAE04EC0-301F-11D3-BF4B-00C04F79EFBC}") = "CacheMeIfYouCan.Polly", "CacheMeIfYouCan.Polly\CacheMeIfYouCan.Polly.csproj", "{579293DF-E26B-43A0-9A81-32E265A04575}"
EndProject
Project("{FAE04EC0-301F-11D3-BF4B-00C04F79EFBC}") = "CacheMeIfYouCan.Polly.Tests", "CacheMeIfYouCan.Polly.Tests\CacheMeIfYouCan.Polly.Tests.csproj", "{BCCCF063-41FB-4C2C-9C91-B60341DCBCBA}"
EndProject
Project("{FAE04EC0-301F-11D3-BF4B-00C04F79EFBC}") = "CacheMeIfYouCan.Prometheus", "CacheMeIfYouCan.Prometheus\CacheMeIfYouCan.Prometheus.csproj", "{EAF605CE-ED91-4DB8-9EFE-A6C41FE7C744}"
EndProject
Project("{FAE04EC0-301F-11D3-BF4B-00C04F79EFBC}") = "CacheMeIfYouCan.Redis", "CacheMeIfYouCan.Redis\CacheMeIfYouCan.Redis.csproj", "{E9CBDD4F-2703-45EE-A59F-6B093F972BB1}"
EndProject
Project("{FAE04EC0-301F-11D3-BF4B-00C04F79EFBC}") = "CacheMeIfYouCan.Redis.Tests", "CacheMeIfYouCan.Redis.Tests\CacheMeIfYouCan.Redis.Tests.csproj", "{38C22B3F-3716-4C23-86C8-663B3CAAEFD1}"
EndProject
Project("{FAE04EC0-301F-11D3-BF4B-00C04F79EFBC}") = "CacheMeIfYouCan.Tests", "CacheMeIfYouCan.Tests\CacheMeIfYouCan.Tests.csproj", "{A769CDA7-E93C-486C-BF5B-3868A2225924}"
EndProject
Global
	GlobalSection(SolutionConfigurationPlatforms) = preSolution
		Debug|Any CPU = Debug|Any CPU
		Release|Any CPU = Release|Any CPU
	EndGlobalSection
	GlobalSection(ProjectConfigurationPlatforms) = postSolution
		{B652806F-9349-4B41-B0CA-73C8EE62D8F6}.Debug|Any CPU.ActiveCfg = Debug|Any CPU
		{B652806F-9349-4B41-B0CA-73C8EE62D8F6}.Debug|Any CPU.Build.0 = Debug|Any CPU
		{B652806F-9349-4B41-B0CA-73C8EE62D8F6}.Release|Any CPU.ActiveCfg = Release|Any CPU
		{B652806F-9349-4B41-B0CA-73C8EE62D8F6}.Release|Any CPU.Build.0 = Release|Any CPU
		{E9CBDD4F-2703-45EE-A59F-6B093F972BB1}.Debug|Any CPU.ActiveCfg = Debug|Any CPU
		{E9CBDD4F-2703-45EE-A59F-6B093F972BB1}.Debug|Any CPU.Build.0 = Debug|Any CPU
		{E9CBDD4F-2703-45EE-A59F-6B093F972BB1}.Release|Any CPU.ActiveCfg = Release|Any CPU
		{E9CBDD4F-2703-45EE-A59F-6B093F972BB1}.Release|Any CPU.Build.0 = Release|Any CPU
		{A769CDA7-E93C-486C-BF5B-3868A2225924}.Debug|Any CPU.ActiveCfg = Debug|Any CPU
		{A769CDA7-E93C-486C-BF5B-3868A2225924}.Debug|Any CPU.Build.0 = Debug|Any CPU
		{A769CDA7-E93C-486C-BF5B-3868A2225924}.Release|Any CPU.ActiveCfg = Release|Any CPU
		{A769CDA7-E93C-486C-BF5B-3868A2225924}.Release|Any CPU.Build.0 = Release|Any CPU
		{EAF605CE-ED91-4DB8-9EFE-A6C41FE7C744}.Debug|Any CPU.ActiveCfg = Debug|Any CPU
		{EAF605CE-ED91-4DB8-9EFE-A6C41FE7C744}.Debug|Any CPU.Build.0 = Debug|Any CPU
		{EAF605CE-ED91-4DB8-9EFE-A6C41FE7C744}.Release|Any CPU.ActiveCfg = Release|Any CPU
		{EAF605CE-ED91-4DB8-9EFE-A6C41FE7C744}.Release|Any CPU.Build.0 = Release|Any CPU
		{38C22B3F-3716-4C23-86C8-663B3CAAEFD1}.Debug|Any CPU.ActiveCfg = Debug|Any CPU
		{38C22B3F-3716-4C23-86C8-663B3CAAEFD1}.Debug|Any CPU.Build.0 = Debug|Any CPU
		{38C22B3F-3716-4C23-86C8-663B3CAAEFD1}.Release|Any CPU.ActiveCfg = Release|Any CPU
		{38C22B3F-3716-4C23-86C8-663B3CAAEFD1}.Release|Any CPU.Build.0 = Release|Any CPU
		{579293DF-E26B-43A0-9A81-32E265A04575}.Debug|Any CPU.ActiveCfg = Debug|Any CPU
		{579293DF-E26B-43A0-9A81-32E265A04575}.Debug|Any CPU.Build.0 = Debug|Any CPU
		{579293DF-E26B-43A0-9A81-32E265A04575}.Release|Any CPU.ActiveCfg = Release|Any CPU
		{579293DF-E26B-43A0-9A81-32E265A04575}.Release|Any CPU.Build.0 = Release|Any CPU
		{BCCCF063-41FB-4C2C-9C91-B60341DCBCBA}.Debug|Any CPU.ActiveCfg = Debug|Any CPU
		{BCCCF063-41FB-4C2C-9C91-B60341DCBCBA}.Debug|Any CPU.Build.0 = Debug|Any CPU
		{BCCCF063-41FB-4C2C-9C91-B60341DCBCBA}.Release|Any CPU.ActiveCfg = Release|Any CPU
		{BCCCF063-41FB-4C2C-9C91-B60341DCBCBA}.Release|Any CPU.Build.0 = Release|Any CPU
		{E87FF2C9-6191-42D2-844B-441FAFBD6F15}.Debug|Any CPU.ActiveCfg = Debug|Any CPU
		{E87FF2C9-6191-42D2-844B-441FAFBD6F15}.Debug|Any CPU.Build.0 = Debug|Any CPU
		{E87FF2C9-6191-42D2-844B-441FAFBD6F15}.Release|Any CPU.ActiveCfg = Release|Any CPU
		{E87FF2C9-6191-42D2-844B-441FAFBD6F15}.Release|Any CPU.Build.0 = Release|Any CPU
		{434341D7-EA6E-4ED4-B4EC-A5A4F352950F}.Debug|Any CPU.ActiveCfg = Debug|Any CPU
		{434341D7-EA6E-4ED4-B4EC-A5A4F352950F}.Debug|Any CPU.Build.0 = Debug|Any CPU
		{434341D7-EA6E-4ED4-B4EC-A5A4F352950F}.Release|Any CPU.ActiveCfg = Release|Any CPU
		{434341D7-EA6E-4ED4-B4EC-A5A4F352950F}.Release|Any CPU.Build.0 = Release|Any CPU
		{99A2C6FC-729D-44D0-B2D0-1B0B4A21272A}.Debug|Any CPU.ActiveCfg = Debug|Any CPU
		{99A2C6FC-729D-44D0-B2D0-1B0B4A21272A}.Debug|Any CPU.Build.0 = Debug|Any CPU
		{99A2C6FC-729D-44D0-B2D0-1B0B4A21272A}.Release|Any CPU.ActiveCfg = Release|Any CPU
		{99A2C6FC-729D-44D0-B2D0-1B0B4A21272A}.Release|Any CPU.Build.0 = Release|Any CPU
	EndGlobalSection
EndGlobal
