
Microsoft Visual Studio Solution File, Format Version 12.00
Project("{FAE04EC0-301F-11D3-BF4B-00C04F79EFBC}") = "CacheMeIfYouCan", "CacheMeIfYouCan\CacheMeIfYouCan.csproj", "{0E5C541F-0B77-4073-AEFE-0BA03EC3CA0A}"
EndProject
Project("{FAE04EC0-301F-11D3-BF4B-00C04F79EFBC}") = "CacheMeIfYouCan.Tests", "..\tests\CacheMeIfYouCan.Tests\CacheMeIfYouCan.Tests.csproj", "{B4C0DCD9-FFE4-44B9-8457-37262FC5318E}"
EndProject
Project("{FAE04EC0-301F-11D3-BF4B-00C04F79EFBC}") = "CacheMeIfYouCan.ILTemplates", "CacheMeIfYouCan.ILTemplates\CacheMeIfYouCan.ILTemplates.csproj", "{42055B9A-138C-4114-AD06-6BAA3ABBC659}"
EndProject
Project("{FAE04EC0-301F-11D3-BF4B-00C04F79EFBC}") = "CacheMeIfYouCan.Redis", "CacheMeIfYouCan.Redis\CacheMeIfYouCan.Redis.csproj", "{EB0E7F39-18FD-46F3-800B-EC98C38055A7}"
EndProject
Project("{FAE04EC0-301F-11D3-BF4B-00C04F79EFBC}") = "CacheMeIfYouCan.Redis.Tests", "..\tests\CacheMeIfYouCan.Redis.Tests\CacheMeIfYouCan.Redis.Tests.csproj", "{09EB8E7F-EE8E-432F-8108-10255FE234EB}"
EndProject
Global
	GlobalSection(SolutionConfigurationPlatforms) = preSolution
		Debug|Any CPU = Debug|Any CPU
		Release|Any CPU = Release|Any CPU
	EndGlobalSection
	GlobalSection(ProjectConfigurationPlatforms) = postSolution
		{0E5C541F-0B77-4073-AEFE-0BA03EC3CA0A}.Debug|Any CPU.ActiveCfg = Debug|Any CPU
		{0E5C541F-0B77-4073-AEFE-0BA03EC3CA0A}.Debug|Any CPU.Build.0 = Debug|Any CPU
		{0E5C541F-0B77-4073-AEFE-0BA03EC3CA0A}.Release|Any CPU.ActiveCfg = Release|Any CPU
		{0E5C541F-0B77-4073-AEFE-0BA03EC3CA0A}.Release|Any CPU.Build.0 = Release|Any CPU
		{B4C0DCD9-FFE4-44B9-8457-37262FC5318E}.Debug|Any CPU.ActiveCfg = Debug|Any CPU
		{B4C0DCD9-FFE4-44B9-8457-37262FC5318E}.Debug|Any CPU.Build.0 = Debug|Any CPU
		{B4C0DCD9-FFE4-44B9-8457-37262FC5318E}.Release|Any CPU.ActiveCfg = Release|Any CPU
		{B4C0DCD9-FFE4-44B9-8457-37262FC5318E}.Release|Any CPU.Build.0 = Release|Any CPU
		{42055B9A-138C-4114-AD06-6BAA3ABBC659}.Debug|Any CPU.ActiveCfg = Debug|Any CPU
		{42055B9A-138C-4114-AD06-6BAA3ABBC659}.Debug|Any CPU.Build.0 = Debug|Any CPU
		{42055B9A-138C-4114-AD06-6BAA3ABBC659}.Release|Any CPU.ActiveCfg = Release|Any CPU
		{42055B9A-138C-4114-AD06-6BAA3ABBC659}.Release|Any CPU.Build.0 = Release|Any CPU
		{EB0E7F39-18FD-46F3-800B-EC98C38055A7}.Debug|Any CPU.ActiveCfg = Debug|Any CPU
		{EB0E7F39-18FD-46F3-800B-EC98C38055A7}.Debug|Any CPU.Build.0 = Debug|Any CPU
		{EB0E7F39-18FD-46F3-800B-EC98C38055A7}.Release|Any CPU.ActiveCfg = Release|Any CPU
		{EB0E7F39-18FD-46F3-800B-EC98C38055A7}.Release|Any CPU.Build.0 = Release|Any CPU
		{09EB8E7F-EE8E-432F-8108-10255FE234EB}.Debug|Any CPU.ActiveCfg = Debug|Any CPU
		{09EB8E7F-EE8E-432F-8108-10255FE234EB}.Debug|Any CPU.Build.0 = Debug|Any CPU
		{09EB8E7F-EE8E-432F-8108-10255FE234EB}.Release|Any CPU.ActiveCfg = Release|Any CPU
		{09EB8E7F-EE8E-432F-8108-10255FE234EB}.Release|Any CPU.Build.0 = Release|Any CPU
	EndGlobalSection
	GlobalSection(NestedProjects) = preSolution
	EndGlobalSection
EndGlobal
